
Microsoft Visual Studio Solution File, Format Version 12.00
# Visual Studio Version 16
VisualStudioVersion = 16.0.31313.79
MinimumVisualStudioVersion = 10.0.40219.1
Project("{FAE04EC0-301F-11D3-BF4B-00C04F79EFBC}") = "TEST25", "TEST25\TEST25.csproj", "{1573174E-BB08-45B8-B52A-2A3FCB5DAF59}"
EndProject
Global
	GlobalSection(SolutionConfigurationPlatforms) = preSolution
		Debug|Any CPU = Debug|Any CPU
		Release|Any CPU = Release|Any CPU
	EndGlobalSection
	GlobalSection(ProjectConfigurationPlatforms) = postSolution
		{1573174E-BB08-45B8-B52A-2A3FCB5DAF59}.Debug|Any CPU.ActiveCfg = Debug|Any CPU
		{1573174E-BB08-45B8-B52A-2A3FCB5DAF59}.Debug|Any CPU.Build.0 = Debug|Any CPU
		{1573174E-BB08-45B8-B52A-2A3FCB5DAF59}.Release|Any CPU.ActiveCfg = Release|Any CPU
		{1573174E-BB08-45B8-B52A-2A3FCB5DAF59}.Release|Any CPU.Build.0 = Release|Any CPU
	EndGlobalSection
	GlobalSection(SolutionProperties) = preSolution
		HideSolutionNode = FALSE
	EndGlobalSection
	GlobalSection(ExtensibilityGlobals) = postSolution
		SolutionGuid = {45AD9DC5-4206-48F7-86EB-9FFFEAC5E437}
	EndGlobalSection
EndGlobal
